// !$*UTF8*$!
{
	archiveVersion = 1;
	classes = {
	};
	objectVersion = 55;
	objects = {

/* Begin PBXBuildFile section */
		1D534AFA4111FE08A9DDF04E /* Pods_Music.framework in Frameworks */ = {isa = PBXBuildFile; fileRef = E053695FCC3A8B1F984BF467 /* Pods_Music.framework */; };
		CEA6C6F127CE138800ADDF27 /* AppDelegate.swift in Sources */ = {isa = PBXBuildFile; fileRef = CEA6C6F027CE138800ADDF27 /* AppDelegate.swift */; };
		CEA6C6F327CE138800ADDF27 /* SceneDelegate.swift in Sources */ = {isa = PBXBuildFile; fileRef = CEA6C6F227CE138800ADDF27 /* SceneDelegate.swift */; };
		CEA6C6F827CE138800ADDF27 /* Main.storyboard in Resources */ = {isa = PBXBuildFile; fileRef = CEA6C6F627CE138800ADDF27 /* Main.storyboard */; };
		CEA6C6FA27CE138F00ADDF27 /* Assets.xcassets in Resources */ = {isa = PBXBuildFile; fileRef = CEA6C6F927CE138F00ADDF27 /* Assets.xcassets */; };
		CEA6C6FD27CE138F00ADDF27 /* LaunchScreen.storyboard in Resources */ = {isa = PBXBuildFile; fileRef = CEA6C6FB27CE138F00ADDF27 /* LaunchScreen.storyboard */; };
		CEA6C70527CE141A00ADDF27 /* MainTabBarController.swift in Sources */ = {isa = PBXBuildFile; fileRef = CEA6C70427CE141A00ADDF27 /* MainTabBarController.swift */; };
		CEA6C70727CE154600ADDF27 /* SearchViewController.swift in Sources */ = {isa = PBXBuildFile; fileRef = CEA6C70627CE154500ADDF27 /* SearchViewController.swift */; };
		CEA6C70927CE15B100ADDF27 /* LibraryViewController.swift in Sources */ = {isa = PBXBuildFile; fileRef = CEA6C70827CE15B100ADDF27 /* LibraryViewController.swift */; };
		CEA6C70B27CE1CC900ADDF27 /* Constant.swift in Sources */ = {isa = PBXBuildFile; fileRef = CEA6C70A27CE1CC900ADDF27 /* Constant.swift */; };
		CEA6C70D27CE250300ADDF27 /* SearchTableViewCell.swift in Sources */ = {isa = PBXBuildFile; fileRef = CEA6C70C27CE250200ADDF27 /* SearchTableViewCell.swift */; };
		CEF88EEC27CE7BD90010D0A5 /* TrackModel.swift in Sources */ = {isa = PBXBuildFile; fileRef = CEF88EEB27CE7BD90010D0A5 /* TrackModel.swift */; };
		CEF88EEE27CE82580010D0A5 /* NetworkManager.swift in Sources */ = {isa = PBXBuildFile; fileRef = CEF88EED27CE82580010D0A5 /* NetworkManager.swift */; };
/* End PBXBuildFile section */

/* Begin PBXFileReference section */
		72DFA104D210F3BE836AAE85 /* Pods-Music.release.xcconfig */ = {isa = PBXFileReference; includeInIndex = 1; lastKnownFileType = text.xcconfig; name = "Pods-Music.release.xcconfig"; path = "Target Support Files/Pods-Music/Pods-Music.release.xcconfig"; sourceTree = "<group>"; };
		89BFEB08582CB32B74B1750E /* Pods-Music.debug.xcconfig */ = {isa = PBXFileReference; includeInIndex = 1; lastKnownFileType = text.xcconfig; name = "Pods-Music.debug.xcconfig"; path = "Target Support Files/Pods-Music/Pods-Music.debug.xcconfig"; sourceTree = "<group>"; };
		CEA6C6ED27CE138800ADDF27 /* Music.app */ = {isa = PBXFileReference; explicitFileType = wrapper.application; includeInIndex = 0; path = Music.app; sourceTree = BUILT_PRODUCTS_DIR; };
		CEA6C6F027CE138800ADDF27 /* AppDelegate.swift */ = {isa = PBXFileReference; lastKnownFileType = sourcecode.swift; path = AppDelegate.swift; sourceTree = "<group>"; };
		CEA6C6F227CE138800ADDF27 /* SceneDelegate.swift */ = {isa = PBXFileReference; lastKnownFileType = sourcecode.swift; path = SceneDelegate.swift; sourceTree = "<group>"; };
		CEA6C6F727CE138800ADDF27 /* Base */ = {isa = PBXFileReference; lastKnownFileType = file.storyboard; name = Base; path = Base.lproj/Main.storyboard; sourceTree = "<group>"; };
		CEA6C6F927CE138F00ADDF27 /* Assets.xcassets */ = {isa = PBXFileReference; lastKnownFileType = folder.assetcatalog; path = Assets.xcassets; sourceTree = "<group>"; };
		CEA6C6FC27CE138F00ADDF27 /* Base */ = {isa = PBXFileReference; lastKnownFileType = file.storyboard; name = Base; path = Base.lproj/LaunchScreen.storyboard; sourceTree = "<group>"; };
		CEA6C6FE27CE138F00ADDF27 /* Info.plist */ = {isa = PBXFileReference; lastKnownFileType = text.plist.xml; path = Info.plist; sourceTree = "<group>"; };
		CEA6C70427CE141A00ADDF27 /* MainTabBarController.swift */ = {isa = PBXFileReference; lastKnownFileType = sourcecode.swift; path = MainTabBarController.swift; sourceTree = "<group>"; };
		CEA6C70627CE154500ADDF27 /* SearchViewController.swift */ = {isa = PBXFileReference; lastKnownFileType = sourcecode.swift; path = SearchViewController.swift; sourceTree = "<group>"; };
		CEA6C70827CE15B100ADDF27 /* LibraryViewController.swift */ = {isa = PBXFileReference; lastKnownFileType = sourcecode.swift; path = LibraryViewController.swift; sourceTree = "<group>"; };
		CEA6C70A27CE1CC900ADDF27 /* Constant.swift */ = {isa = PBXFileReference; lastKnownFileType = sourcecode.swift; path = Constant.swift; sourceTree = "<group>"; };
		CEA6C70C27CE250200ADDF27 /* SearchTableViewCell.swift */ = {isa = PBXFileReference; lastKnownFileType = sourcecode.swift; path = SearchTableViewCell.swift; sourceTree = "<group>"; };
		CEF88EEB27CE7BD90010D0A5 /* TrackModel.swift */ = {isa = PBXFileReference; lastKnownFileType = sourcecode.swift; path = TrackModel.swift; sourceTree = "<group>"; };
		CEF88EED27CE82580010D0A5 /* NetworkManager.swift */ = {isa = PBXFileReference; lastKnownFileType = sourcecode.swift; path = NetworkManager.swift; sourceTree = "<group>"; };
		E053695FCC3A8B1F984BF467 /* Pods_Music.framework */ = {isa = PBXFileReference; explicitFileType = wrapper.framework; includeInIndex = 0; path = Pods_Music.framework; sourceTree = BUILT_PRODUCTS_DIR; };
/* End PBXFileReference section */

/* Begin PBXFrameworksBuildPhase section */
		CEA6C6EA27CE138800ADDF27 /* Frameworks */ = {
			isa = PBXFrameworksBuildPhase;
			buildActionMask = 2147483647;
			files = (
				1D534AFA4111FE08A9DDF04E /* Pods_Music.framework in Frameworks */,
			);
			runOnlyForDeploymentPostprocessing = 0;
		};
/* End PBXFrameworksBuildPhase section */

/* Begin PBXGroup section */
		2589D117C87EA4E2843DD431 /* Frameworks */ = {
			isa = PBXGroup;
			children = (
				E053695FCC3A8B1F984BF467 /* Pods_Music.framework */,
			);
			name = Frameworks;
			sourceTree = "<group>";
		};
		B2C7676E82A43C42A9F205B3 /* Pods */ = {
			isa = PBXGroup;
			children = (
				89BFEB08582CB32B74B1750E /* Pods-Music.debug.xcconfig */,
				72DFA104D210F3BE836AAE85 /* Pods-Music.release.xcconfig */,
			);
			path = Pods;
			sourceTree = "<group>";
		};
		CEA6C6E427CE138800ADDF27 = {
			isa = PBXGroup;
			children = (
				CEA6C6EF27CE138800ADDF27 /* Music */,
				CEA6C6EE27CE138800ADDF27 /* Products */,
				B2C7676E82A43C42A9F205B3 /* Pods */,
				2589D117C87EA4E2843DD431 /* Frameworks */,
			);
			sourceTree = "<group>";
		};
		CEA6C6EE27CE138800ADDF27 /* Products */ = {
			isa = PBXGroup;
			children = (
				CEA6C6ED27CE138800ADDF27 /* Music.app */,
			);
			name = Products;
			sourceTree = "<group>";
		};
		CEA6C6EF27CE138800ADDF27 /* Music */ = {
			isa = PBXGroup;
			children = (
				CEA6C6F027CE138800ADDF27 /* AppDelegate.swift */,
				CEA6C6F227CE138800ADDF27 /* SceneDelegate.swift */,
				CEA6C6F627CE138800ADDF27 /* Main.storyboard */,
				CEA6C6F927CE138F00ADDF27 /* Assets.xcassets */,
				CEA6C6FB27CE138F00ADDF27 /* LaunchScreen.storyboard */,
				CEA6C6FE27CE138F00ADDF27 /* Info.plist */,
				CEA6C70427CE141A00ADDF27 /* MainTabBarController.swift */,
				CEA6C70627CE154500ADDF27 /* SearchViewController.swift */,
				CEA6C70827CE15B100ADDF27 /* LibraryViewController.swift */,
				CEA6C70A27CE1CC900ADDF27 /* Constant.swift */,
				CEA6C70C27CE250200ADDF27 /* SearchTableViewCell.swift */,
				CEF88EEB27CE7BD90010D0A5 /* TrackModel.swift */,
				CEF88EED27CE82580010D0A5 /* NetworkManager.swift */,
			);
			path = Music;
			sourceTree = "<group>";
		};
/* End PBXGroup section */

/* Begin PBXNativeTarget section */
		CEA6C6EC27CE138800ADDF27 /* Music */ = {
			isa = PBXNativeTarget;
			buildConfigurationList = CEA6C70127CE138F00ADDF27 /* Build configuration list for PBXNativeTarget "Music" */;
			buildPhases = (
				2795AE59031A90B59677721C /* [CP] Check Pods Manifest.lock */,
				CEA6C6E927CE138800ADDF27 /* Sources */,
				CEA6C6EA27CE138800ADDF27 /* Frameworks */,
				CEA6C6EB27CE138800ADDF27 /* Resources */,
				407500A6A3FE4AF6E5AD1995 /* [CP] Embed Pods Frameworks */,
			);
			buildRules = (
			);
			dependencies = (
			);
			name = Music;
			productName = Music;
			productReference = CEA6C6ED27CE138800ADDF27 /* Music.app */;
			productType = "com.apple.product-type.application";
		};
/* End PBXNativeTarget section */

/* Begin PBXProject section */
		CEA6C6E527CE138800ADDF27 /* Project object */ = {
			isa = PBXProject;
			attributes = {
				BuildIndependentTargetsInParallel = 1;
				LastSwiftUpdateCheck = 1300;
				LastUpgradeCheck = 1300;
				TargetAttributes = {
					CEA6C6EC27CE138800ADDF27 = {
						CreatedOnToolsVersion = 13.0;
					};
				};
			};
			buildConfigurationList = CEA6C6E827CE138800ADDF27 /* Build configuration list for PBXProject "Music" */;
			compatibilityVersion = "Xcode 13.0";
			developmentRegion = en;
			hasScannedForEncodings = 0;
			knownRegions = (
				en,
				Base,
			);
			mainGroup = CEA6C6E427CE138800ADDF27;
			productRefGroup = CEA6C6EE27CE138800ADDF27 /* Products */;
			projectDirPath = "";
			projectRoot = "";
			targets = (
				CEA6C6EC27CE138800ADDF27 /* Music */,
			);
		};
/* End PBXProject section */

/* Begin PBXResourcesBuildPhase section */
		CEA6C6EB27CE138800ADDF27 /* Resources */ = {
			isa = PBXResourcesBuildPhase;
			buildActionMask = 2147483647;
			files = (
				CEA6C6FD27CE138F00ADDF27 /* LaunchScreen.storyboard in Resources */,
				CEA6C6FA27CE138F00ADDF27 /* Assets.xcassets in Resources */,
				CEA6C6F827CE138800ADDF27 /* Main.storyboard in Resources */,
			);
			runOnlyForDeploymentPostprocessing = 0;
		};
/* End PBXResourcesBuildPhase section */

/* Begin PBXShellScriptBuildPhase section */
		2795AE59031A90B59677721C /* [CP] Check Pods Manifest.lock */ = {
			isa = PBXShellScriptBuildPhase;
			buildActionMask = 2147483647;
			files = (
			);
			inputFileListPaths = (
			);
			inputPaths = (
				"${PODS_PODFILE_DIR_PATH}/Podfile.lock",
				"${PODS_ROOT}/Manifest.lock",
			);
			name = "[CP] Check Pods Manifest.lock";
			outputFileListPaths = (
			);
			outputPaths = (
				"$(DERIVED_FILE_DIR)/Pods-Music-checkManifestLockResult.txt",
			);
			runOnlyForDeploymentPostprocessing = 0;
			shellPath = /bin/sh;
			shellScript = "diff \"${PODS_PODFILE_DIR_PATH}/Podfile.lock\" \"${PODS_ROOT}/Manifest.lock\" > /dev/null\nif [ $? != 0 ] ; then\n    # print error to STDERR\n    echo \"error: The sandbox is not in sync with the Podfile.lock. Run 'pod install' or update your CocoaPods installation.\" >&2\n    exit 1\nfi\n# This output is used by Xcode 'outputs' to avoid re-running this script phase.\necho \"SUCCESS\" > \"${SCRIPT_OUTPUT_FILE_0}\"\n";
			showEnvVarsInLog = 0;
		};
		407500A6A3FE4AF6E5AD1995 /* [CP] Embed Pods Frameworks */ = {
			isa = PBXShellScriptBuildPhase;
			buildActionMask = 2147483647;
			files = (
			);
			inputFileListPaths = (
				"${PODS_ROOT}/Target Support Files/Pods-Music/Pods-Music-frameworks-${CONFIGURATION}-input-files.xcfilelist",
			);
			name = "[CP] Embed Pods Frameworks";
			outputFileListPaths = (
				"${PODS_ROOT}/Target Support Files/Pods-Music/Pods-Music-frameworks-${CONFIGURATION}-output-files.xcfilelist",
			);
			runOnlyForDeploymentPostprocessing = 0;
			shellPath = /bin/sh;
			shellScript = "\"${PODS_ROOT}/Target Support Files/Pods-Music/Pods-Music-frameworks.sh\"\n";
			showEnvVarsInLog = 0;
		};
/* End PBXShellScriptBuildPhase section */

/* Begin PBXSourcesBuildPhase section */
		CEA6C6E927CE138800ADDF27 /* Sources */ = {
			isa = PBXSourcesBuildPhase;
			buildActionMask = 2147483647;
			files = (
				CEF88EEE27CE82580010D0A5 /* NetworkManager.swift in Sources */,
				CEA6C6F127CE138800ADDF27 /* AppDelegate.swift in Sources */,
				CEF88EEC27CE7BD90010D0A5 /* TrackModel.swift in Sources */,
				CEA6C70927CE15B100ADDF27 /* LibraryViewController.swift in Sources */,
				CEA6C70527CE141A00ADDF27 /* MainTabBarController.swift in Sources */,
				CEA6C70727CE154600ADDF27 /* SearchViewController.swift in Sources */,
				CEA6C6F327CE138800ADDF27 /* SceneDelegate.swift in Sources */,
				CEA6C70B27CE1CC900ADDF27 /* Constant.swift in Sources */,
				CEA6C70D27CE250300ADDF27 /* SearchTableViewCell.swift in Sources */,
			);
			runOnlyForDeploymentPostprocessing = 0;
		};
/* End PBXSourcesBuildPhase section */

/* Begin PBXVariantGroup section */
		CEA6C6F627CE138800ADDF27 /* Main.storyboard */ = {
			isa = PBXVariantGroup;
			children = (
				CEA6C6F727CE138800ADDF27 /* Base */,
			);
			name = Main.storyboard;
			sourceTree = "<group>";
		};
		CEA6C6FB27CE138F00ADDF27 /* LaunchScreen.storyboard */ = {
			isa = PBXVariantGroup;
			children = (
				CEA6C6FC27CE138F00ADDF27 /* Base */,
			);
			name = LaunchScreen.storyboard;
			sourceTree = "<group>";
		};
/* End PBXVariantGroup section */

/* Begin XCBuildConfiguration section */
		CEA6C6FF27CE138F00ADDF27 /* Debug */ = {
			isa = XCBuildConfiguration;
			buildSettings = {
				ALWAYS_SEARCH_USER_PATHS = NO;
				CLANG_ANALYZER_NONNULL = YES;
				CLANG_ANALYZER_NUMBER_OBJECT_CONVERSION = YES_AGGRESSIVE;
				CLANG_CXX_LANGUAGE_STANDARD = "gnu++17";
				CLANG_CXX_LIBRARY = "libc++";
				CLANG_ENABLE_MODULES = YES;
				CLANG_ENABLE_OBJC_ARC = YES;
				CLANG_ENABLE_OBJC_WEAK = YES;
				CLANG_WARN_BLOCK_CAPTURE_AUTORELEASING = YES;
				CLANG_WARN_BOOL_CONVERSION = YES;
				CLANG_WARN_COMMA = YES;
				CLANG_WARN_CONSTANT_CONVERSION = YES;
				CLANG_WARN_DEPRECATED_OBJC_IMPLEMENTATIONS = YES;
				CLANG_WARN_DIRECT_OBJC_ISA_USAGE = YES_ERROR;
				CLANG_WARN_DOCUMENTATION_COMMENTS = YES;
				CLANG_WARN_EMPTY_BODY = YES;
				CLANG_WARN_ENUM_CONVERSION = YES;
				CLANG_WARN_INFINITE_RECURSION = YES;
				CLANG_WARN_INT_CONVERSION = YES;
				CLANG_WARN_NON_LITERAL_NULL_CONVERSION = YES;
				CLANG_WARN_OBJC_IMPLICIT_RETAIN_SELF = YES;
				CLANG_WARN_OBJC_LITERAL_CONVERSION = YES;
				CLANG_WARN_OBJC_ROOT_CLASS = YES_ERROR;
				CLANG_WARN_QUOTED_INCLUDE_IN_FRAMEWORK_HEADER = YES;
				CLANG_WARN_RANGE_LOOP_ANALYSIS = YES;
				CLANG_WARN_STRICT_PROTOTYPES = YES;
				CLANG_WARN_SUSPICIOUS_MOVE = YES;
				CLANG_WARN_UNGUARDED_AVAILABILITY = YES_AGGRESSIVE;
				CLANG_WARN_UNREACHABLE_CODE = YES;
				CLANG_WARN__DUPLICATE_METHOD_MATCH = YES;
				COPY_PHASE_STRIP = NO;
				DEBUG_INFORMATION_FORMAT = dwarf;
				ENABLE_STRICT_OBJC_MSGSEND = YES;
				ENABLE_TESTABILITY = YES;
				GCC_C_LANGUAGE_STANDARD = gnu11;
				GCC_DYNAMIC_NO_PIC = NO;
				GCC_NO_COMMON_BLOCKS = YES;
				GCC_OPTIMIZATION_LEVEL = 0;
				GCC_PREPROCESSOR_DEFINITIONS = (
					"DEBUG=1",
					"$(inherited)",
				);
				GCC_WARN_64_TO_32_BIT_CONVERSION = YES;
				GCC_WARN_ABOUT_RETURN_TYPE = YES_ERROR;
				GCC_WARN_UNDECLARED_SELECTOR = YES;
				GCC_WARN_UNINITIALIZED_AUTOS = YES_AGGRESSIVE;
				GCC_WARN_UNUSED_FUNCTION = YES;
				GCC_WARN_UNUSED_VARIABLE = YES;
				IPHONEOS_DEPLOYMENT_TARGET = 15.0;
				MTL_ENABLE_DEBUG_INFO = INCLUDE_SOURCE;
				MTL_FAST_MATH = YES;
				ONLY_ACTIVE_ARCH = YES;
				SDKROOT = iphoneos;
				SWIFT_ACTIVE_COMPILATION_CONDITIONS = DEBUG;
				SWIFT_OPTIMIZATION_LEVEL = "-Onone";
			};
			name = Debug;
		};
		CEA6C70027CE138F00ADDF27 /* Release */ = {
			isa = XCBuildConfiguration;
			buildSettings = {
				ALWAYS_SEARCH_USER_PATHS = NO;
				CLANG_ANALYZER_NONNULL = YES;
				CLANG_ANALYZER_NUMBER_OBJECT_CONVERSION = YES_AGGRESSIVE;
				CLANG_CXX_LANGUAGE_STANDARD = "gnu++17";
				CLANG_CXX_LIBRARY = "libc++";
				CLANG_ENABLE_MODULES = YES;
				CLANG_ENABLE_OBJC_ARC = YES;
				CLANG_ENABLE_OBJC_WEAK = YES;
				CLANG_WARN_BLOCK_CAPTURE_AUTORELEASING = YES;
				CLANG_WARN_BOOL_CONVERSION = YES;
				CLANG_WARN_COMMA = YES;
				CLANG_WARN_CONSTANT_CONVERSION = YES;
				CLANG_WARN_DEPRECATED_OBJC_IMPLEMENTATIONS = YES;
				CLANG_WARN_DIRECT_OBJC_ISA_USAGE = YES_ERROR;
				CLANG_WARN_DOCUMENTATION_COMMENTS = YES;
				CLANG_WARN_EMPTY_BODY = YES;
				CLANG_WARN_ENUM_CONVERSION = YES;
				CLANG_WARN_INFINITE_RECURSION = YES;
				CLANG_WARN_INT_CONVERSION = YES;
				CLANG_WARN_NON_LITERAL_NULL_CONVERSION = YES;
				CLANG_WARN_OBJC_IMPLICIT_RETAIN_SELF = YES;
				CLANG_WARN_OBJC_LITERAL_CONVERSION = YES;
				CLANG_WARN_OBJC_ROOT_CLASS = YES_ERROR;
				CLANG_WARN_QUOTED_INCLUDE_IN_FRAMEWORK_HEADER = YES;
				CLANG_WARN_RANGE_LOOP_ANALYSIS = YES;
				CLANG_WARN_STRICT_PROTOTYPES = YES;
				CLANG_WARN_SUSPICIOUS_MOVE = YES;
				CLANG_WARN_UNGUARDED_AVAILABILITY = YES_AGGRESSIVE;
				CLANG_WARN_UNREACHABLE_CODE = YES;
				CLANG_WARN__DUPLICATE_METHOD_MATCH = YES;
				COPY_PHASE_STRIP = NO;
				DEBUG_INFORMATION_FORMAT = "dwarf-with-dsym";
				ENABLE_NS_ASSERTIONS = NO;
				ENABLE_STRICT_OBJC_MSGSEND = YES;
				GCC_C_LANGUAGE_STANDARD = gnu11;
				GCC_NO_COMMON_BLOCKS = YES;
				GCC_WARN_64_TO_32_BIT_CONVERSION = YES;
				GCC_WARN_ABOUT_RETURN_TYPE = YES_ERROR;
				GCC_WARN_UNDECLARED_SELECTOR = YES;
				GCC_WARN_UNINITIALIZED_AUTOS = YES_AGGRESSIVE;
				GCC_WARN_UNUSED_FUNCTION = YES;
				GCC_WARN_UNUSED_VARIABLE = YES;
				IPHONEOS_DEPLOYMENT_TARGET = 15.0;
				MTL_ENABLE_DEBUG_INFO = NO;
				MTL_FAST_MATH = YES;
				SDKROOT = iphoneos;
				SWIFT_COMPILATION_MODE = wholemodule;
				SWIFT_OPTIMIZATION_LEVEL = "-O";
				VALIDATE_PRODUCT = YES;
			};
			name = Release;
		};
		CEA6C70227CE138F00ADDF27 /* Debug */ = {
			isa = XCBuildConfiguration;
			baseConfigurationReference = 89BFEB08582CB32B74B1750E /* Pods-Music.debug.xcconfig */;
			buildSettings = {
				ASSETCATALOG_COMPILER_APPICON_NAME = AppIcon;
				ASSETCATALOG_COMPILER_GLOBAL_ACCENT_COLOR_NAME = AccentColor;
				CODE_SIGN_STYLE = Automatic;
				CURRENT_PROJECT_VERSION = 1;
				DEVELOPMENT_TEAM = Q9788GD6N7;
				GENERATE_INFOPLIST_FILE = YES;
				INFOPLIST_FILE = Music/Info.plist;
				INFOPLIST_KEY_UIApplicationSupportsIndirectInputEvents = YES;
				INFOPLIST_KEY_UILaunchStoryboardName = LaunchScreen;
				INFOPLIST_KEY_UISupportedInterfaceOrientations_iPad = "UIInterfaceOrientationPortrait UIInterfaceOrientationPortraitUpsideDown UIInterfaceOrientationLandscapeLeft UIInterfaceOrientationLandscapeRight";
				INFOPLIST_KEY_UISupportedInterfaceOrientations_iPhone = "UIInterfaceOrientationPortrait UIInterfaceOrientationLandscapeLeft UIInterfaceOrientationLandscapeRight";
				LD_RUNPATH_SEARCH_PATHS = (
					"$(inherited)",
					"@executable_path/Frameworks",
				);
				MARKETING_VERSION = 1.0;
				PRODUCT_BUNDLE_IDENTIFIER = com.vladimir.com.Music;
				PRODUCT_NAME = "$(TARGET_NAME)";
				SWIFT_EMIT_LOC_STRINGS = YES;
				SWIFT_VERSION = 5.0;
				TARGETED_DEVICE_FAMILY = "1,2";
			};
			name = Debug;
		};
		CEA6C70327CE138F00ADDF27 /* Release */ = {
			isa = XCBuildConfiguration;
			baseConfigurationReference = 72DFA104D210F3BE836AAE85 /* Pods-Music.release.xcconfig */;
			buildSettings = {
				ASSETCATALOG_COMPILER_APPICON_NAME = AppIcon;
				ASSETCATALOG_COMPILER_GLOBAL_ACCENT_COLOR_NAME = AccentColor;
				CODE_SIGN_STYLE = Automatic;
				CURRENT_PROJECT_VERSION = 1;
				DEVELOPMENT_TEAM = Q9788GD6N7;
				GENERATE_INFOPLIST_FILE = YES;
				INFOPLIST_FILE = Music/Info.plist;
				INFOPLIST_KEY_UIApplicationSupportsIndirectInputEvents = YES;
				INFOPLIST_KEY_UILaunchStoryboardName = LaunchScreen;
				INFOPLIST_KEY_UISupportedInterfaceOrientations_iPad = "UIInterfaceOrientationPortrait UIInterfaceOrientationPortraitUpsideDown UIInterfaceOrientationLandscapeLeft UIInterfaceOrientationLandscapeRight";
				INFOPLIST_KEY_UISupportedInterfaceOrientations_iPhone = "UIInterfaceOrientationPortrait UIInterfaceOrientationLandscapeLeft UIInterfaceOrientationLandscapeRight";
				LD_RUNPATH_SEARCH_PATHS = (
					"$(inherited)",
					"@executable_path/Frameworks",
				);
				MARKETING_VERSION = 1.0;
				PRODUCT_BUNDLE_IDENTIFIER = com.vladimir.com.Music;
				PRODUCT_NAME = "$(TARGET_NAME)";
				SWIFT_EMIT_LOC_STRINGS = YES;
				SWIFT_VERSION = 5.0;
				TARGETED_DEVICE_FAMILY = "1,2";
			};
			name = Release;
		};
/* End XCBuildConfiguration section */

/* Begin XCConfigurationList section */
		CEA6C6E827CE138800ADDF27 /* Build configuration list for PBXProject "Music" */ = {
			isa = XCConfigurationList;
			buildConfigurations = (
				CEA6C6FF27CE138F00ADDF27 /* Debug */,
				CEA6C70027CE138F00ADDF27 /* Release */,
			);
			defaultConfigurationIsVisible = 0;
			defaultConfigurationName = Release;
		};
		CEA6C70127CE138F00ADDF27 /* Build configuration list for PBXNativeTarget "Music" */ = {
			isa = XCConfigurationList;
			buildConfigurations = (
				CEA6C70227CE138F00ADDF27 /* Debug */,
				CEA6C70327CE138F00ADDF27 /* Release */,
			);
			defaultConfigurationIsVisible = 0;
			defaultConfigurationName = Release;
		};
/* End XCConfigurationList section */
	};
	rootObject = CEA6C6E527CE138800ADDF27 /* Project object */;
}
